
Microsoft Visual Studio Solution File, Format Version 12.00
# Visual Studio Version 17
VisualStudioVersion = 17.7.34009.444
MinimumVisualStudioVersion = 10.0.40219.1
Project("{FAE04EC0-301F-11D3-BF4B-00C04F79EFBC}") = "Automata theory", "Automata theory\Automata theory.csproj", "{AA601AB6-1E54-4DDC-846A-F4A0230049F2}"
EndProject
Global
	GlobalSection(SolutionConfigurationPlatforms) = preSolution
		Debug|Any CPU = Debug|Any CPU
		Release|Any CPU = Release|Any CPU
	EndGlobalSection
	GlobalSection(ProjectConfigurationPlatforms) = postSolution
		{AA601AB6-1E54-4DDC-846A-F4A0230049F2}.Debug|Any CPU.ActiveCfg = Debug|Any CPU
		{AA601AB6-1E54-4DDC-846A-F4A0230049F2}.Debug|Any CPU.Build.0 = Debug|Any CPU
		{AA601AB6-1E54-4DDC-846A-F4A0230049F2}.Release|Any CPU.ActiveCfg = Release|Any CPU
		{AA601AB6-1E54-4DDC-846A-F4A0230049F2}.Release|Any CPU.Build.0 = Release|Any CPU
	EndGlobalSection
	GlobalSection(SolutionProperties) = preSolution
		HideSolutionNode = FALSE
	EndGlobalSection
	GlobalSection(ExtensibilityGlobals) = postSolution
		SolutionGuid = {F1B09C6C-E1E2-44EC-A734-8B45DF914DEA}
	EndGlobalSection
EndGlobal
